Microsoft Visual Studio Solution File, Format Version 12.00
# Visual Studio Version 17
VisualStudioVersion = 17.5.2.0
MinimumVisualStudioVersion = 10.0.40219.1
Project("{FAE04EC0-301F-11D3-BF4B-00C04F79EFBC}") = "TaskBoard", "TaskBoard.csproj", "{484B0E31-6194-7D98-AD45-35798C982DB2}"
EndProject
Global
	GlobalSection(SolutionConfigurationPlatforms) = preSolution
		Debug|Any CPU = Debug|Any CPU
		Release|Any CPU = Release|Any CPU
	EndGlobalSection
	GlobalSection(ProjectConfigurationPlatforms) = postSolution
		{484B0E31-6194-7D98-AD45-35798C982DB2}.Debug|Any CPU.ActiveCfg = Debug|Any CPU
		{484B0E31-6194-7D98-AD45-35798C982DB2}.Debug|Any CPU.Build.0 = Debug|Any CPU
		{484B0E31-6194-7D98-AD45-35798C982DB2}.Release|Any CPU.ActiveCfg = Release|Any CPU
		{484B0E31-6194-7D98-AD45-35798C982DB2}.Release|Any CPU.Build.0 = Release|Any CPU
	EndGlobalSection
	GlobalSection(SolutionProperties) = preSolution
		HideSolutionNode = FALSE
	EndGlobalSection
	GlobalSection(ExtensibilityGlobals) = postSolution
		SolutionGuid = {0B4EB23C-491E-406B-B229-88193D910E66}
	EndGlobalSection
EndGlobal
